
Microsoft Visual Studio Solution File, Format Version 12.00
# Visual Studio Version 16
VisualStudioVersion = 16.0.31005.135
MinimumVisualStudioVersion = 15.0.26124.0
Project("{2150E333-8FDC-42A3-9474-1A3956D46DE8}") = "src", "src", "{76650D41-9C45-4CC3-BB1C-C2D297846B3B}"
EndProject
Project("{2150E333-8FDC-42A3-9474-1A3956D46DE8}") = "Services", "Services", "{5CB01D37-30F8-465E-B45A-B1AE33E5D60F}"
EndProject
Project("{2150E333-8FDC-42A3-9474-1A3956D46DE8}") = "Registration", "Registration", "{B8E0F7BB-0983-4B37-AF11-0364651DF2D4}"
EndProject
Project("{9A19103F-16F7-4668-BE54-9A1E7A4F7556}") = "Registration.Domain", "src\Services\Registration\Registration.Domain\Registration.Domain.csproj", "{F40CAFCD-96C2-44E0-AF20-3DE9C5B003E1}"
EndProject
Project("{9A19103F-16F7-4668-BE54-9A1E7A4F7556}") = "Registration.API", "src\Services\Registration\Registration.API\Registration.API.csproj", "{BAF130B4-8BCB-420B-A6F1-061616720E88}"
EndProject
Project("{2150E333-8FDC-42A3-9474-1A3956D46DE8}") = "BuildingBlocks", "BuildingBlocks", "{81DA2AF3-C7FA-48CF-9A99-2AF9D2B7E288}"
EndProject
Project("{2150E333-8FDC-42A3-9474-1A3956D46DE8}") = "Common", "Common", "{FBDB2A24-622A-4040-8355-9570B8EA70FD}"
EndProject
Project("{9A19103F-16F7-4668-BE54-9A1E7A4F7556}") = "Common", "src\BuildingBlocks\Common\Common\Common.csproj", "{17616A26-AD61-407E-9389-189DCAF71294}"
EndProject
Project("{9A19103F-16F7-4668-BE54-9A1E7A4F7556}") = "Common.UnitTests", "src\BuildingBlocks\Common\Common.UnitTests\Common.UnitTests.csproj", "{E4746B6D-02E1-48EB-8DA2-E904288BCDCD}"
EndProject
Project("{2150E333-8FDC-42A3-9474-1A3956D46DE8}") = "EventStore", "EventStore", "{A8D0A921-45FC-4585-964F-0EEEAD9CCFF0}"
EndProject
Project("{9A19103F-16F7-4668-BE54-9A1E7A4F7556}") = "EventStore.API", "src\Services\EventStore\EventStore.API\EventStore.API.csproj", "{CE67228C-61CC-49CE-95FC-279C86AEA5AD}"
EndProject
Project("{E53339B2-1760-4266-BCC7-CA923CBCF16C}") = "docker-compose", "docker-compose.dcproj", "{A9FA448E-22F7-4197-812A-63C6724E78B4}"
EndProject
Project("{9A19103F-16F7-4668-BE54-9A1E7A4F7556}") = "EventStore.Domain", "src\Services\EventStore\EventStore.Domain\EventStore.Domain.csproj", "{A5080628-B74A-4084-B906-7550552EA505}"
EndProject
Project("{9A19103F-16F7-4668-BE54-9A1E7A4F7556}") = "EventStore.Application", "src\Services\EventStore\EventStore.Application\EventStore.Application.csproj", "{C2A105E3-ADC1-4C08-8683-2AAB822F853C}"
EndProject
Project("{9A19103F-16F7-4668-BE54-9A1E7A4F7556}") = "EventStore.Infrastructure", "src\Services\EventStore\EventStore.Infrastructure\EventStore.Infrastructure.csproj", "{8A40AC30-6AF5-4A34-BC88-F385E2FC22A6}"
EndProject
Project("{2150E333-8FDC-42A3-9474-1A3956D46DE8}") = "Web", "Web", "{0C3C156A-6C02-4F6C-A8B2-031ACD5516CD}"
EndProject
Project("{FAE04EC0-301F-11D3-BF4B-00C04F79EFBC}") = "FrontEnd", "src\Web\FrontEnd\FrontEnd.csproj", "{21BA978D-DF42-44F7-9428-9524F7DE2304}"
EndProject
Global
	GlobalSection(SolutionConfigurationPlatforms) = preSolution
		Debug|Any CPU = Debug|Any CPU
		Debug|x64 = Debug|x64
		Debug|x86 = Debug|x86
		Release|Any CPU = Release|Any CPU
		Release|x64 = Release|x64
		Release|x86 = Release|x86
	EndGlobalSection
	GlobalSection(ProjectConfigurationPlatforms) = postSolution
		{F40CAFCD-96C2-44E0-AF20-3DE9C5B003E1}.Debug|Any CPU.ActiveCfg = Debug|Any CPU
		{F40CAFCD-96C2-44E0-AF20-3DE9C5B003E1}.Debug|Any CPU.Build.0 = Debug|Any CPU
		{F40CAFCD-96C2-44E0-AF20-3DE9C5B003E1}.Debug|x64.ActiveCfg = Debug|Any CPU
		{F40CAFCD-96C2-44E0-AF20-3DE9C5B003E1}.Debug|x64.Build.0 = Debug|Any CPU
		{F40CAFCD-96C2-44E0-AF20-3DE9C5B003E1}.Debug|x86.ActiveCfg = Debug|Any CPU
		{F40CAFCD-96C2-44E0-AF20-3DE9C5B003E1}.Debug|x86.Build.0 = Debug|Any CPU
		{F40CAFCD-96C2-44E0-AF20-3DE9C5B003E1}.Release|Any CPU.ActiveCfg = Release|Any CPU
		{F40CAFCD-96C2-44E0-AF20-3DE9C5B003E1}.Release|Any CPU.Build.0 = Release|Any CPU
		{F40CAFCD-96C2-44E0-AF20-3DE9C5B003E1}.Release|x64.ActiveCfg = Release|Any CPU
		{F40CAFCD-96C2-44E0-AF20-3DE9C5B003E1}.Release|x64.Build.0 = Release|Any CPU
		{F40CAFCD-96C2-44E0-AF20-3DE9C5B003E1}.Release|x86.ActiveCfg = Release|Any CPU
		{F40CAFCD-96C2-44E0-AF20-3DE9C5B003E1}.Release|x86.Build.0 = Release|Any CPU
		{BAF130B4-8BCB-420B-A6F1-061616720E88}.Debug|Any CPU.ActiveCfg = Debug|Any CPU
		{BAF130B4-8BCB-420B-A6F1-061616720E88}.Debug|Any CPU.Build.0 = Debug|Any CPU
		{BAF130B4-8BCB-420B-A6F1-061616720E88}.Debug|x64.ActiveCfg = Debug|Any CPU
		{BAF130B4-8BCB-420B-A6F1-061616720E88}.Debug|x64.Build.0 = Debug|Any CPU
		{BAF130B4-8BCB-420B-A6F1-061616720E88}.Debug|x86.ActiveCfg = Debug|Any CPU
		{BAF130B4-8BCB-420B-A6F1-061616720E88}.Debug|x86.Build.0 = Debug|Any CPU
		{BAF130B4-8BCB-420B-A6F1-061616720E88}.Release|Any CPU.ActiveCfg = Release|Any CPU
		{BAF130B4-8BCB-420B-A6F1-061616720E88}.Release|Any CPU.Build.0 = Release|Any CPU
		{BAF130B4-8BCB-420B-A6F1-061616720E88}.Release|x64.ActiveCfg = Release|Any CPU
		{BAF130B4-8BCB-420B-A6F1-061616720E88}.Release|x64.Build.0 = Release|Any CPU
		{BAF130B4-8BCB-420B-A6F1-061616720E88}.Release|x86.ActiveCfg = Release|Any CPU
		{BAF130B4-8BCB-420B-A6F1-061616720E88}.Release|x86.Build.0 = Release|Any CPU
		{17616A26-AD61-407E-9389-189DCAF71294}.Debug|Any CPU.ActiveCfg = Debug|Any CPU
		{17616A26-AD61-407E-9389-189DCAF71294}.Debug|Any CPU.Build.0 = Debug|Any CPU
		{17616A26-AD61-407E-9389-189DCAF71294}.Debug|x64.ActiveCfg = Debug|Any CPU
		{17616A26-AD61-407E-9389-189DCAF71294}.Debug|x64.Build.0 = Debug|Any CPU
		{17616A26-AD61-407E-9389-189DCAF71294}.Debug|x86.ActiveCfg = Debug|Any CPU
		{17616A26-AD61-407E-9389-189DCAF71294}.Debug|x86.Build.0 = Debug|Any CPU
		{17616A26-AD61-407E-9389-189DCAF71294}.Release|Any CPU.ActiveCfg = Release|Any CPU
		{17616A26-AD61-407E-9389-189DCAF71294}.Release|Any CPU.Build.0 = Release|Any CPU
		{17616A26-AD61-407E-9389-189DCAF71294}.Release|x64.ActiveCfg = Release|Any CPU
		{17616A26-AD61-407E-9389-189DCAF71294}.Release|x64.Build.0 = Release|Any CPU
		{17616A26-AD61-407E-9389-189DCAF71294}.Release|x86.ActiveCfg = Release|Any CPU
		{17616A26-AD61-407E-9389-189DCAF71294}.Release|x86.Build.0 = Release|Any CPU
		{E4746B6D-02E1-48EB-8DA2-E904288BCDCD}.Debug|Any CPU.ActiveCfg = Debug|Any CPU
		{E4746B6D-02E1-48EB-8DA2-E904288BCDCD}.Debug|Any CPU.Build.0 = Debug|Any CPU
		{E4746B6D-02E1-48EB-8DA2-E904288BCDCD}.Debug|x64.ActiveCfg = Debug|Any CPU
		{E4746B6D-02E1-48EB-8DA2-E904288BCDCD}.Debug|x64.Build.0 = Debug|Any CPU
		{E4746B6D-02E1-48EB-8DA2-E904288BCDCD}.Debug|x86.ActiveCfg = Debug|Any CPU
		{E4746B6D-02E1-48EB-8DA2-E904288BCDCD}.Debug|x86.Build.0 = Debug|Any CPU
		{E4746B6D-02E1-48EB-8DA2-E904288BCDCD}.Release|Any CPU.ActiveCfg = Release|Any CPU
		{E4746B6D-02E1-48EB-8DA2-E904288BCDCD}.Release|Any CPU.Build.0 = Release|Any CPU
		{E4746B6D-02E1-48EB-8DA2-E904288BCDCD}.Release|x64.ActiveCfg = Release|Any CPU
		{E4746B6D-02E1-48EB-8DA2-E904288BCDCD}.Release|x64.Build.0 = Release|Any CPU
		{E4746B6D-02E1-48EB-8DA2-E904288BCDCD}.Release|x86.ActiveCfg = Release|Any CPU
		{E4746B6D-02E1-48EB-8DA2-E904288BCDCD}.Release|x86.Build.0 = Release|Any CPU
		{CE67228C-61CC-49CE-95FC-279C86AEA5AD}.Debug|Any CPU.ActiveCfg = Debug|Any CPU
		{CE67228C-61CC-49CE-95FC-279C86AEA5AD}.Debug|Any CPU.Build.0 = Debug|Any CPU
		{CE67228C-61CC-49CE-95FC-279C86AEA5AD}.Debug|x64.ActiveCfg = Debug|Any CPU
		{CE67228C-61CC-49CE-95FC-279C86AEA5AD}.Debug|x64.Build.0 = Debug|Any CPU
		{CE67228C-61CC-49CE-95FC-279C86AEA5AD}.Debug|x86.ActiveCfg = Debug|Any CPU
		{CE67228C-61CC-49CE-95FC-279C86AEA5AD}.Debug|x86.Build.0 = Debug|Any CPU
		{CE67228C-61CC-49CE-95FC-279C86AEA5AD}.Release|Any CPU.ActiveCfg = Release|Any CPU
		{CE67228C-61CC-49CE-95FC-279C86AEA5AD}.Release|Any CPU.Build.0 = Release|Any CPU
		{CE67228C-61CC-49CE-95FC-279C86AEA5AD}.Release|x64.ActiveCfg = Release|Any CPU
		{CE67228C-61CC-49CE-95FC-279C86AEA5AD}.Release|x64.Build.0 = Release|Any CPU
		{CE67228C-61CC-49CE-95FC-279C86AEA5AD}.Release|x86.ActiveCfg = Release|Any CPU
		{CE67228C-61CC-49CE-95FC-279C86AEA5AD}.Release|x86.Build.0 = Release|Any CPU
		{A9FA448E-22F7-4197-812A-63C6724E78B4}.Debug|Any CPU.ActiveCfg = Debug|Any CPU
		{A9FA448E-22F7-4197-812A-63C6724E78B4}.Debug|Any CPU.Build.0 = Debug|Any CPU
		{A9FA448E-22F7-4197-812A-63C6724E78B4}.Debug|x64.ActiveCfg = Debug|Any CPU
		{A9FA448E-22F7-4197-812A-63C6724E78B4}.Debug|x64.Build.0 = Debug|Any CPU
		{A9FA448E-22F7-4197-812A-63C6724E78B4}.Debug|x86.ActiveCfg = Debug|Any CPU
		{A9FA448E-22F7-4197-812A-63C6724E78B4}.Debug|x86.Build.0 = Debug|Any CPU
		{A9FA448E-22F7-4197-812A-63C6724E78B4}.Release|Any CPU.ActiveCfg = Release|Any CPU
		{A9FA448E-22F7-4197-812A-63C6724E78B4}.Release|Any CPU.Build.0 = Release|Any CPU
		{A9FA448E-22F7-4197-812A-63C6724E78B4}.Release|x64.ActiveCfg = Release|Any CPU
		{A9FA448E-22F7-4197-812A-63C6724E78B4}.Release|x64.Build.0 = Release|Any CPU
		{A9FA448E-22F7-4197-812A-63C6724E78B4}.Release|x86.ActiveCfg = Release|Any CPU
		{A9FA448E-22F7-4197-812A-63C6724E78B4}.Release|x86.Build.0 = Release|Any CPU
		{A5080628-B74A-4084-B906-7550552EA505}.Debug|Any CPU.ActiveCfg = Debug|Any CPU
		{A5080628-B74A-4084-B906-7550552EA505}.Debug|Any CPU.Build.0 = Debug|Any CPU
		{A5080628-B74A-4084-B906-7550552EA505}.Debug|x64.ActiveCfg = Debug|Any CPU
		{A5080628-B74A-4084-B906-7550552EA505}.Debug|x64.Build.0 = Debug|Any CPU
		{A5080628-B74A-4084-B906-7550552EA505}.Debug|x86.ActiveCfg = Debug|Any CPU
		{A5080628-B74A-4084-B906-7550552EA505}.Debug|x86.Build.0 = Debug|Any CPU
		{A5080628-B74A-4084-B906-7550552EA505}.Release|Any CPU.ActiveCfg = Release|Any CPU
		{A5080628-B74A-4084-B906-7550552EA505}.Release|Any CPU.Build.0 = Release|Any CPU
		{A5080628-B74A-4084-B906-7550552EA505}.Release|x64.ActiveCfg = Release|Any CPU
		{A5080628-B74A-4084-B906-7550552EA505}.Release|x64.Build.0 = Release|Any CPU
		{A5080628-B74A-4084-B906-7550552EA505}.Release|x86.ActiveCfg = Release|Any CPU
		{A5080628-B74A-4084-B906-7550552EA505}.Release|x86.Build.0 = Release|Any CPU
		{C2A105E3-ADC1-4C08-8683-2AAB822F853C}.Debug|Any CPU.ActiveCfg = Debug|Any CPU
		{C2A105E3-ADC1-4C08-8683-2AAB822F853C}.Debug|Any CPU.Build.0 = Debug|Any CPU
		{C2A105E3-ADC1-4C08-8683-2AAB822F853C}.Debug|x64.ActiveCfg = Debug|Any CPU
		{C2A105E3-ADC1-4C08-8683-2AAB822F853C}.Debug|x64.Build.0 = Debug|Any CPU
		{C2A105E3-ADC1-4C08-8683-2AAB822F853C}.Debug|x86.ActiveCfg = Debug|Any CPU
		{C2A105E3-ADC1-4C08-8683-2AAB822F853C}.Debug|x86.Build.0 = Debug|Any CPU
		{C2A105E3-ADC1-4C08-8683-2AAB822F853C}.Release|Any CPU.ActiveCfg = Release|Any CPU
		{C2A105E3-ADC1-4C08-8683-2AAB822F853C}.Release|Any CPU.Build.0 = Release|Any CPU
		{C2A105E3-ADC1-4C08-8683-2AAB822F853C}.Release|x64.ActiveCfg = Release|Any CPU
		{C2A105E3-ADC1-4C08-8683-2AAB822F853C}.Release|x64.Build.0 = Release|Any CPU
		{C2A105E3-ADC1-4C08-8683-2AAB822F853C}.Release|x86.ActiveCfg = Release|Any CPU
		{C2A105E3-ADC1-4C08-8683-2AAB822F853C}.Release|x86.Build.0 = Release|Any CPU
		{8A40AC30-6AF5-4A34-BC88-F385E2FC22A6}.Debug|Any CPU.ActiveCfg = Debug|Any CPU
		{8A40AC30-6AF5-4A34-BC88-F385E2FC22A6}.Debug|Any CPU.Build.0 = Debug|Any CPU
		{8A40AC30-6AF5-4A34-BC88-F385E2FC22A6}.Debug|x64.ActiveCfg = Debug|Any CPU
		{8A40AC30-6AF5-4A34-BC88-F385E2FC22A6}.Debug|x64.Build.0 = Debug|Any CPU
		{8A40AC30-6AF5-4A34-BC88-F385E2FC22A6}.Debug|x86.ActiveCfg = Debug|Any CPU
		{8A40AC30-6AF5-4A34-BC88-F385E2FC22A6}.Debug|x86.Build.0 = Debug|Any CPU
		{8A40AC30-6AF5-4A34-BC88-F385E2FC22A6}.Release|Any CPU.ActiveCfg = Release|Any CPU
		{8A40AC30-6AF5-4A34-BC88-F385E2FC22A6}.Release|Any CPU.Build.0 = Release|Any CPU
		{8A40AC30-6AF5-4A34-BC88-F385E2FC22A6}.Release|x64.ActiveCfg = Release|Any CPU
		{8A40AC30-6AF5-4A34-BC88-F385E2FC22A6}.Release|x64.Build.0 = Release|Any CPU
		{8A40AC30-6AF5-4A34-BC88-F385E2FC22A6}.Release|x86.ActiveCfg = Release|Any CPU
		{8A40AC30-6AF5-4A34-BC88-F385E2FC22A6}.Release|x86.Build.0 = Release|Any CPU
		{21BA978D-DF42-44F7-9428-9524F7DE2304}.Debug|Any CPU.ActiveCfg = Debug|Any CPU
		{21BA978D-DF42-44F7-9428-9524F7DE2304}.Debug|Any CPU.Build.0 = Debug|Any CPU
		{21BA978D-DF42-44F7-9428-9524F7DE2304}.Debug|x64.ActiveCfg = Debug|Any CPU
		{21BA978D-DF42-44F7-9428-9524F7DE2304}.Debug|x64.Build.0 = Debug|Any CPU
		{21BA978D-DF42-44F7-9428-9524F7DE2304}.Debug|x86.ActiveCfg = Debug|Any CPU
		{21BA978D-DF42-44F7-9428-9524F7DE2304}.Debug|x86.Build.0 = Debug|Any CPU
		{21BA978D-DF42-44F7-9428-9524F7DE2304}.Release|Any CPU.ActiveCfg = Release|Any CPU
		{21BA978D-DF42-44F7-9428-9524F7DE2304}.Release|Any CPU.Build.0 = Release|Any CPU
		{21BA978D-DF42-44F7-9428-9524F7DE2304}.Release|x64.ActiveCfg = Release|Any CPU
		{21BA978D-DF42-44F7-9428-9524F7DE2304}.Release|x64.Build.0 = Release|Any CPU
		{21BA978D-DF42-44F7-9428-9524F7DE2304}.Release|x86.ActiveCfg = Release|Any CPU
		{21BA978D-DF42-44F7-9428-9524F7DE2304}.Release|x86.Build.0 = Release|Any CPU
	EndGlobalSection
	GlobalSection(SolutionProperties) = preSolution
		HideSolutionNode = FALSE
	EndGlobalSection
	GlobalSection(NestedProjects) = preSolution
		{5CB01D37-30F8-465E-B45A-B1AE33E5D60F} = {76650D41-9C45-4CC3-BB1C-C2D297846B3B}
		{B8E0F7BB-0983-4B37-AF11-0364651DF2D4} = {5CB01D37-30F8-465E-B45A-B1AE33E5D60F}
		{F40CAFCD-96C2-44E0-AF20-3DE9C5B003E1} = {B8E0F7BB-0983-4B37-AF11-0364651DF2D4}
		{BAF130B4-8BCB-420B-A6F1-061616720E88} = {B8E0F7BB-0983-4B37-AF11-0364651DF2D4}
		{81DA2AF3-C7FA-48CF-9A99-2AF9D2B7E288} = {76650D41-9C45-4CC3-BB1C-C2D297846B3B}
		{FBDB2A24-622A-4040-8355-9570B8EA70FD} = {81DA2AF3-C7FA-48CF-9A99-2AF9D2B7E288}
		{17616A26-AD61-407E-9389-189DCAF71294} = {FBDB2A24-622A-4040-8355-9570B8EA70FD}
		{E4746B6D-02E1-48EB-8DA2-E904288BCDCD} = {FBDB2A24-622A-4040-8355-9570B8EA70FD}
		{A8D0A921-45FC-4585-964F-0EEEAD9CCFF0} = {5CB01D37-30F8-465E-B45A-B1AE33E5D60F}
		{CE67228C-61CC-49CE-95FC-279C86AEA5AD} = {A8D0A921-45FC-4585-964F-0EEEAD9CCFF0}
		{A5080628-B74A-4084-B906-7550552EA505} = {A8D0A921-45FC-4585-964F-0EEEAD9CCFF0}
		{C2A105E3-ADC1-4C08-8683-2AAB822F853C} = {A8D0A921-45FC-4585-964F-0EEEAD9CCFF0}
		{8A40AC30-6AF5-4A34-BC88-F385E2FC22A6} = {A8D0A921-45FC-4585-964F-0EEEAD9CCFF0}
		{0C3C156A-6C02-4F6C-A8B2-031ACD5516CD} = {76650D41-9C45-4CC3-BB1C-C2D297846B3B}
		{21BA978D-DF42-44F7-9428-9524F7DE2304} = {0C3C156A-6C02-4F6C-A8B2-031ACD5516CD}
	EndGlobalSection
	GlobalSection(ExtensibilityGlobals) = postSolution
		SolutionGuid = {72659153-F05E-46FA-B0A0-FC23C4FD47C4}
	EndGlobalSection
EndGlobal
