
Microsoft Visual Studio Solution File, Format Version 12.00
# Visual Studio Version 17
VisualStudioVersion = 17.0.31512.422
MinimumVisualStudioVersion = 15.0.26124.0
Project("{2150E333-8FDC-42A3-9474-1A3956D46DE8}") = "src", "src", "{76650D41-9C45-4CC3-BB1C-C2D297846B3B}"
EndProject
Project("{2150E333-8FDC-42A3-9474-1A3956D46DE8}") = "Services", "Services", "{5CB01D37-30F8-465E-B45A-B1AE33E5D60F}"
EndProject
Project("{2150E333-8FDC-42A3-9474-1A3956D46DE8}") = "BuildingBlocks", "BuildingBlocks", "{81DA2AF3-C7FA-48CF-9A99-2AF9D2B7E288}"
EndProject
Project("{2150E333-8FDC-42A3-9474-1A3956D46DE8}") = "Common", "Common", "{FBDB2A24-622A-4040-8355-9570B8EA70FD}"
EndProject
Project("{9A19103F-16F7-4668-BE54-9A1E7A4F7556}") = "Common", "src\BuildingBlocks\Common\Common\Common.csproj", "{17616A26-AD61-407E-9389-189DCAF71294}"
EndProject
Project("{2150E333-8FDC-42A3-9474-1A3956D46DE8}") = "EventStore", "EventStore", "{A8D0A921-45FC-4585-964F-0EEEAD9CCFF0}"
EndProject
Project("{9A19103F-16F7-4668-BE54-9A1E7A4F7556}") = "EventStore.API", "src\Services\EventStore\EventStore.API\EventStore.API.csproj", "{CE67228C-61CC-49CE-95FC-279C86AEA5AD}"
EndProject
Project("{E53339B2-1760-4266-BCC7-CA923CBCF16C}") = "docker-compose", "docker-compose.dcproj", "{A9FA448E-22F7-4197-812A-63C6724E78B4}"
EndProject
Project("{9A19103F-16F7-4668-BE54-9A1E7A4F7556}") = "EventStore.Domain", "src\Services\EventStore\EventStore.Domain\EventStore.Domain.csproj", "{A5080628-B74A-4084-B906-7550552EA505}"
EndProject
Project("{9A19103F-16F7-4668-BE54-9A1E7A4F7556}") = "EventStore.Application", "src\Services\EventStore\EventStore.Application\EventStore.Application.csproj", "{C2A105E3-ADC1-4C08-8683-2AAB822F853C}"
EndProject
Project("{9A19103F-16F7-4668-BE54-9A1E7A4F7556}") = "EventStore.Infrastructure", "src\Services\EventStore\EventStore.Infrastructure\EventStore.Infrastructure.csproj", "{8A40AC30-6AF5-4A34-BC88-F385E2FC22A6}"
EndProject
Project("{2150E333-8FDC-42A3-9474-1A3956D46DE8}") = "Web", "Web", "{0C3C156A-6C02-4F6C-A8B2-031ACD5516CD}"
EndProject
Project("{9A19103F-16F7-4668-BE54-9A1E7A4F7556}") = "FrontEnd", "src\Web\FrontEnd\FrontEnd.csproj", "{21BA978D-DF42-44F7-9428-9524F7DE2304}"
EndProject
Project("{2150E333-8FDC-42A3-9474-1A3956D46DE8}") = "CookBook", "CookBook", "{07E4A835-1551-4420-BE91-81EF97CDD8E7}"
EndProject
Project("{9A19103F-16F7-4668-BE54-9A1E7A4F7556}") = "CookBook.Domain", "src\Services\CookBook\CookBook.Domain\CookBook.Domain.csproj", "{93B21BC8-F137-4E48-9109-48DDBF924EA3}"
EndProject
Project("{9A19103F-16F7-4668-BE54-9A1E7A4F7556}") = "CookBook.Application", "src\Services\CookBook\CookBook.Application\CookBook.Application.csproj", "{54BA0039-5BDC-413F-B87A-43D5DBEC93C8}"
EndProject
Project("{9A19103F-16F7-4668-BE54-9A1E7A4F7556}") = "CookBook.Infrastructure", "src\Services\CookBook\CookBook.Infrastructure\CookBook.Infrastructure.csproj", "{30FAB096-503E-49C1-A2FD-01F1276D47D9}"
EndProject
Project("{9A19103F-16F7-4668-BE54-9A1E7A4F7556}") = "CookBook.API", "src\Services\CookBook\CookBook.API\CookBook.API.csproj", "{5984C1E1-8A31-4FEF-9DD0-A97E2144CB68}"
EndProject
Project("{2150E333-8FDC-42A3-9474-1A3956D46DE8}") = "Solution Items", "Solution Items", "{D5FCDEE2-7174-40ED-9D8B-556D87CB4EB6}"
	ProjectSection(SolutionItems) = preProject
		cf-template.yml = cf-template.yml
		deploy.ps1 = deploy.ps1
		GitVersion.yml = GitVersion.yml
		README.md = README.md
	EndProjectSection
EndProject
Project("{2150E333-8FDC-42A3-9474-1A3956D46DE8}") = "Interactions", "Interactions", "{C204DB62-7D21-49C9-B6D5-93D82496ED8D}"
EndProject
Project("{9A19103F-16F7-4668-BE54-9A1E7A4F7556}") = "Interactions.API", "src\Services\Interactions\Interactions.API\Interactions.API.csproj", "{633DB4AB-E054-4FA1-B3B3-4CA87837553C}"
EndProject
Project("{9A19103F-16F7-4668-BE54-9A1E7A4F7556}") = "Interactions.Application", "src\Services\Interactions\Interactions.Application\Interactions.Application.csproj", "{52951AFA-81A1-449D-8C98-54110087E99D}"
EndProject
Project("{9A19103F-16F7-4668-BE54-9A1E7A4F7556}") = "Interactions.Domain", "src\Services\Interactions\Interactions.Domain\Interactions.Domain.csproj", "{987EBEE2-B820-4219-8D2A-BC3EFAA9DAA3}"
EndProject
Project("{9A19103F-16F7-4668-BE54-9A1E7A4F7556}") = "Interactions.Infrastructure", "src\Services\Interactions\Interactions.Infrastructure\Interactions.Infrastructure.csproj", "{23AA5598-8AA7-4760-9106-9DB300DABB00}"
EndProject
Project("{2150E333-8FDC-42A3-9474-1A3956D46DE8}") = "Analytics", "Analytics", "{7434E089-9F1E-481B-A753-D9AB25C13786}"
EndProject
Project("{2150E333-8FDC-42A3-9474-1A3956D46DE8}") = "Authentication", "Authentication", "{FB6131DE-91B6-43F1-A5AC-1E9573E1B785}"
EndProject
Project("{9A19103F-16F7-4668-BE54-9A1E7A4F7556}") = "Authentication", "src\BuildingBlocks\Authentication\Authentication\Authentication.csproj", "{BDC4F7D5-D8FB-49EA-921F-8146806FD4B9}"
EndProject
Project("{2150E333-8FDC-42A3-9474-1A3956D46DE8}") = "EventStore", "EventStore", "{98ADE1A7-4D4A-43EF-8545-83F117A9EE99}"
EndProject
Project("{9A19103F-16F7-4668-BE54-9A1E7A4F7556}") = "EventStore", "src\BuildingBlocks\EventStore\EventStore\EventStore.csproj", "{D24F8A11-1D48-44AC-B082-EC62356B31BF}"
EndProject
Project("{2150E333-8FDC-42A3-9474-1A3956D46DE8}") = "WebHostCustomization", "WebHostCustomization", "{E188AACD-EA08-41E7-84EA-B657A285B033}"
EndProject
Project("{9A19103F-16F7-4668-BE54-9A1E7A4F7556}") = "WebHost.Customization", "src\BuildingBlocks\WebHostCustomization\WebHost.Customization\WebHost.Customization.csproj", "{CA751096-0E03-4284-BAB5-DFCD9F2D7F92}"
EndProject
Project("{2150E333-8FDC-42A3-9474-1A3956D46DE8}") = "PostMaster", "PostMaster", "{12DE116D-AC9F-40FB-AB9D-72B4B493A915}"
EndProject
Project("{9A19103F-16F7-4668-BE54-9A1E7A4F7556}") = "PostMaster", "src\BuildingBlocks\PostMaster\PostMaster\PostMaster.csproj", "{8FA1AEC2-3221-4643-95F0-3DE5CF81C631}"
EndProject
Project("{9A19103F-16F7-4668-BE54-9A1E7A4F7556}") = "Authentication.Abstractions", "src\BuildingBlocks\Authentication\Authentication.Abstractions\Authentication.Abstractions.csproj", "{FFE06DCC-7658-4E43-9039-F6BC0B38C5A1}"
EndProject
Project("{9A19103F-16F7-4668-BE54-9A1E7A4F7556}") = "EventStore.Abstractions", "src\BuildingBlocks\EventStore\EventStore.Abstractions\EventStore.Abstractions.csproj", "{DBE1B1D8-F89E-408B-99FD-E6AB7A3E1EA3}"
EndProject
Project("{9A19103F-16F7-4668-BE54-9A1E7A4F7556}") = "PostMaster.Abstractions", "src\BuildingBlocks\PostMaster\PostMaster.Abstractions\PostMaster.Abstractions.csproj", "{6C592412-F1AB-43A0-AFCF-A6602175DA6C}"
EndProject
Project("{2150E333-8FDC-42A3-9474-1A3956D46DE8}") = "CurrentUser", "CurrentUser", "{32EAE544-7677-4F28-9060-07AF6D73380F}"
EndProject
Project("{9A19103F-16F7-4668-BE54-9A1E7A4F7556}") = "CurrentUser", "src\BuildingBlocks\CurrentUser\CurrentUser\CurrentUser.csproj", "{662CC478-5802-4B9A-B288-82B38916FB56}"
EndProject
Project("{9A19103F-16F7-4668-BE54-9A1E7A4F7556}") = "CurrentUser.Abstractions", "src\BuildingBlocks\CurrentUser\CurrentUser.Abstractions\CurrentUser.Abstractions.csproj", "{04100B97-6FB5-43BE-9C5C-798554D79979}"
EndProject
Project("{9A19103F-16F7-4668-BE54-9A1E7A4F7556}") = "PostMaster.BackgroundService", "src\BuildingBlocks\PostMaster\PostMaster.BackgroundService\PostMaster.BackgroundService.csproj", "{8C5ACD9E-71A7-429F-A51E-F09841D46548}"
EndProject
Project("{2150E333-8FDC-42A3-9474-1A3956D46DE8}") = "Application", "Application", "{3F0D0254-0281-4FC2-A12B-50340C22150D}"
EndProject
Project("{9A19103F-16F7-4668-BE54-9A1E7A4F7556}") = "Application.Common", "src\BuildingBlocks\Application\Application.Common\Application.Common.csproj", "{746BD4D5-7F18-49A1-AE5B-B89BC156632A}"
EndProject
Project("{2150E333-8FDC-42A3-9474-1A3956D46DE8}") = "Infrastructure", "Infrastructure", "{BED40454-20E2-4718-B093-89B5197C161A}"
EndProject
Project("{2150E333-8FDC-42A3-9474-1A3956D46DE8}") = "Domain", "Domain", "{EF910C2C-033E-4BB2-B126-6174182D1174}"
EndProject
Project("{2150E333-8FDC-42A3-9474-1A3956D46DE8}") = "Host", "Host", "{4FB695AA-9EF3-42DB-9C87-668F7ACC19CA}"
EndProject
Project("{9A19103F-16F7-4668-BE54-9A1E7A4F7556}") = "PostMaster.Persistence", "src\BuildingBlocks\PostMaster\PostMaster.Persistence\PostMaster.Persistence.csproj", "{AD8FC58E-9319-4056-906F-DB26D36D1DCD}"
EndProject
Project("{2150E333-8FDC-42A3-9474-1A3956D46DE8}") = "API", "API", "{CAA19F05-51B7-4A3E-BEBE-B4D3008CC3FD}"
EndProject
Project("{9A19103F-16F7-4668-BE54-9A1E7A4F7556}") = "API", "src\BuildingBlocks\API\API\API.csproj", "{42B02421-BB9D-492B-A98F-CD2F0A35B5B0}"
EndProject
Project("{9A19103F-16F7-4668-BE54-9A1E7A4F7556}") = "Analytics.API", "src\Services\Analytics\Analytics.API\Analytics.API.csproj", "{CBC7D509-DBF6-4D87-9758-B1F4D5015FA6}"
EndProject
Project("{9A19103F-16F7-4668-BE54-9A1E7A4F7556}") = "Analytics.Domain", "src\Services\Analytics\Analytics.Domain\Analytics.Domain.csproj", "{1CCE2961-FA43-4BAB-A3F5-3C60B3BB272A}"
EndProject
Project("{9A19103F-16F7-4668-BE54-9A1E7A4F7556}") = "Analytics.Application", "src\Services\Analytics\Analytics.Application\Analytics.Application.csproj", "{1E5AB2D1-3BD6-4B8B-81FD-720256BCE090}"
EndProject
Project("{9A19103F-16F7-4668-BE54-9A1E7A4F7556}") = "Analytics.Infrastructure", "src\Services\Analytics\Analytics.Infrastructure\Analytics.Infrastructure.csproj", "{0724D952-C46A-4C77-A7A1-7E7CC508E19B}"
EndProject
Project("{2150E333-8FDC-42A3-9474-1A3956D46DE8}") = "Authorization", "Authorization", "{EF4CC59F-4B64-4A11-A5D3-9DFBBE2E4230}"
EndProject
Project("{FAE04EC0-301F-11D3-BF4B-00C04F79EFBC}") = "Authorization", "src\BuildingBlocks\Authorization\Authorization.csproj", "{64243204-8963-4923-A297-C2F50B39CA6C}"
EndProject
Global
	GlobalSection(SolutionConfigurationPlatforms) = preSolution
		Debug|Any CPU = Debug|Any CPU
		Debug|x64 = Debug|x64
		Debug|x86 = Debug|x86
		Release|Any CPU = Release|Any CPU
		Release|x64 = Release|x64
		Release|x86 = Release|x86
	EndGlobalSection
	GlobalSection(ProjectConfigurationPlatforms) = postSolution
		{17616A26-AD61-407E-9389-189DCAF71294}.Debug|Any CPU.ActiveCfg = Debug|Any CPU
		{17616A26-AD61-407E-9389-189DCAF71294}.Debug|Any CPU.Build.0 = Debug|Any CPU
		{17616A26-AD61-407E-9389-189DCAF71294}.Debug|x64.ActiveCfg = Debug|Any CPU
		{17616A26-AD61-407E-9389-189DCAF71294}.Debug|x64.Build.0 = Debug|Any CPU
		{17616A26-AD61-407E-9389-189DCAF71294}.Debug|x86.ActiveCfg = Debug|Any CPU
		{17616A26-AD61-407E-9389-189DCAF71294}.Debug|x86.Build.0 = Debug|Any CPU
		{17616A26-AD61-407E-9389-189DCAF71294}.Release|Any CPU.ActiveCfg = Release|Any CPU
		{17616A26-AD61-407E-9389-189DCAF71294}.Release|Any CPU.Build.0 = Release|Any CPU
		{17616A26-AD61-407E-9389-189DCAF71294}.Release|x64.ActiveCfg = Release|Any CPU
		{17616A26-AD61-407E-9389-189DCAF71294}.Release|x64.Build.0 = Release|Any CPU
		{17616A26-AD61-407E-9389-189DCAF71294}.Release|x86.ActiveCfg = Release|Any CPU
		{17616A26-AD61-407E-9389-189DCAF71294}.Release|x86.Build.0 = Release|Any CPU
		{CE67228C-61CC-49CE-95FC-279C86AEA5AD}.Debug|Any CPU.ActiveCfg = Debug|Any CPU
		{CE67228C-61CC-49CE-95FC-279C86AEA5AD}.Debug|Any CPU.Build.0 = Debug|Any CPU
		{CE67228C-61CC-49CE-95FC-279C86AEA5AD}.Debug|x64.ActiveCfg = Debug|Any CPU
		{CE67228C-61CC-49CE-95FC-279C86AEA5AD}.Debug|x64.Build.0 = Debug|Any CPU
		{CE67228C-61CC-49CE-95FC-279C86AEA5AD}.Debug|x86.ActiveCfg = Debug|Any CPU
		{CE67228C-61CC-49CE-95FC-279C86AEA5AD}.Debug|x86.Build.0 = Debug|Any CPU
		{CE67228C-61CC-49CE-95FC-279C86AEA5AD}.Release|Any CPU.ActiveCfg = Release|Any CPU
		{CE67228C-61CC-49CE-95FC-279C86AEA5AD}.Release|Any CPU.Build.0 = Release|Any CPU
		{CE67228C-61CC-49CE-95FC-279C86AEA5AD}.Release|x64.ActiveCfg = Release|Any CPU
		{CE67228C-61CC-49CE-95FC-279C86AEA5AD}.Release|x64.Build.0 = Release|Any CPU
		{CE67228C-61CC-49CE-95FC-279C86AEA5AD}.Release|x86.ActiveCfg = Release|Any CPU
		{CE67228C-61CC-49CE-95FC-279C86AEA5AD}.Release|x86.Build.0 = Release|Any CPU
		{A9FA448E-22F7-4197-812A-63C6724E78B4}.Debug|Any CPU.ActiveCfg = Debug|Any CPU
		{A9FA448E-22F7-4197-812A-63C6724E78B4}.Debug|Any CPU.Build.0 = Debug|Any CPU
		{A9FA448E-22F7-4197-812A-63C6724E78B4}.Debug|x64.ActiveCfg = Debug|Any CPU
		{A9FA448E-22F7-4197-812A-63C6724E78B4}.Debug|x64.Build.0 = Debug|Any CPU
		{A9FA448E-22F7-4197-812A-63C6724E78B4}.Debug|x86.ActiveCfg = Debug|Any CPU
		{A9FA448E-22F7-4197-812A-63C6724E78B4}.Debug|x86.Build.0 = Debug|Any CPU
		{A9FA448E-22F7-4197-812A-63C6724E78B4}.Release|Any CPU.ActiveCfg = Release|Any CPU
		{A9FA448E-22F7-4197-812A-63C6724E78B4}.Release|Any CPU.Build.0 = Release|Any CPU
		{A9FA448E-22F7-4197-812A-63C6724E78B4}.Release|x64.ActiveCfg = Release|Any CPU
		{A9FA448E-22F7-4197-812A-63C6724E78B4}.Release|x64.Build.0 = Release|Any CPU
		{A9FA448E-22F7-4197-812A-63C6724E78B4}.Release|x86.ActiveCfg = Release|Any CPU
		{A9FA448E-22F7-4197-812A-63C6724E78B4}.Release|x86.Build.0 = Release|Any CPU
		{A5080628-B74A-4084-B906-7550552EA505}.Debug|Any CPU.ActiveCfg = Debug|Any CPU
		{A5080628-B74A-4084-B906-7550552EA505}.Debug|Any CPU.Build.0 = Debug|Any CPU
		{A5080628-B74A-4084-B906-7550552EA505}.Debug|x64.ActiveCfg = Debug|Any CPU
		{A5080628-B74A-4084-B906-7550552EA505}.Debug|x64.Build.0 = Debug|Any CPU
		{A5080628-B74A-4084-B906-7550552EA505}.Debug|x86.ActiveCfg = Debug|Any CPU
		{A5080628-B74A-4084-B906-7550552EA505}.Debug|x86.Build.0 = Debug|Any CPU
		{A5080628-B74A-4084-B906-7550552EA505}.Release|Any CPU.ActiveCfg = Release|Any CPU
		{A5080628-B74A-4084-B906-7550552EA505}.Release|Any CPU.Build.0 = Release|Any CPU
		{A5080628-B74A-4084-B906-7550552EA505}.Release|x64.ActiveCfg = Release|Any CPU
		{A5080628-B74A-4084-B906-7550552EA505}.Release|x64.Build.0 = Release|Any CPU
		{A5080628-B74A-4084-B906-7550552EA505}.Release|x86.ActiveCfg = Release|Any CPU
		{A5080628-B74A-4084-B906-7550552EA505}.Release|x86.Build.0 = Release|Any CPU
		{C2A105E3-ADC1-4C08-8683-2AAB822F853C}.Debug|Any CPU.ActiveCfg = Debug|Any CPU
		{C2A105E3-ADC1-4C08-8683-2AAB822F853C}.Debug|Any CPU.Build.0 = Debug|Any CPU
		{C2A105E3-ADC1-4C08-8683-2AAB822F853C}.Debug|x64.ActiveCfg = Debug|Any CPU
		{C2A105E3-ADC1-4C08-8683-2AAB822F853C}.Debug|x64.Build.0 = Debug|Any CPU
		{C2A105E3-ADC1-4C08-8683-2AAB822F853C}.Debug|x86.ActiveCfg = Debug|Any CPU
		{C2A105E3-ADC1-4C08-8683-2AAB822F853C}.Debug|x86.Build.0 = Debug|Any CPU
		{C2A105E3-ADC1-4C08-8683-2AAB822F853C}.Release|Any CPU.ActiveCfg = Release|Any CPU
		{C2A105E3-ADC1-4C08-8683-2AAB822F853C}.Release|Any CPU.Build.0 = Release|Any CPU
		{C2A105E3-ADC1-4C08-8683-2AAB822F853C}.Release|x64.ActiveCfg = Release|Any CPU
		{C2A105E3-ADC1-4C08-8683-2AAB822F853C}.Release|x64.Build.0 = Release|Any CPU
		{C2A105E3-ADC1-4C08-8683-2AAB822F853C}.Release|x86.ActiveCfg = Release|Any CPU
		{C2A105E3-ADC1-4C08-8683-2AAB822F853C}.Release|x86.Build.0 = Release|Any CPU
		{8A40AC30-6AF5-4A34-BC88-F385E2FC22A6}.Debug|Any CPU.ActiveCfg = Debug|Any CPU
		{8A40AC30-6AF5-4A34-BC88-F385E2FC22A6}.Debug|Any CPU.Build.0 = Debug|Any CPU
		{8A40AC30-6AF5-4A34-BC88-F385E2FC22A6}.Debug|x64.ActiveCfg = Debug|Any CPU
		{8A40AC30-6AF5-4A34-BC88-F385E2FC22A6}.Debug|x64.Build.0 = Debug|Any CPU
		{8A40AC30-6AF5-4A34-BC88-F385E2FC22A6}.Debug|x86.ActiveCfg = Debug|Any CPU
		{8A40AC30-6AF5-4A34-BC88-F385E2FC22A6}.Debug|x86.Build.0 = Debug|Any CPU
		{8A40AC30-6AF5-4A34-BC88-F385E2FC22A6}.Release|Any CPU.ActiveCfg = Release|Any CPU
		{8A40AC30-6AF5-4A34-BC88-F385E2FC22A6}.Release|Any CPU.Build.0 = Release|Any CPU
		{8A40AC30-6AF5-4A34-BC88-F385E2FC22A6}.Release|x64.ActiveCfg = Release|Any CPU
		{8A40AC30-6AF5-4A34-BC88-F385E2FC22A6}.Release|x64.Build.0 = Release|Any CPU
		{8A40AC30-6AF5-4A34-BC88-F385E2FC22A6}.Release|x86.ActiveCfg = Release|Any CPU
		{8A40AC30-6AF5-4A34-BC88-F385E2FC22A6}.Release|x86.Build.0 = Release|Any CPU
		{21BA978D-DF42-44F7-9428-9524F7DE2304}.Debug|Any CPU.ActiveCfg = Debug|Any CPU
		{21BA978D-DF42-44F7-9428-9524F7DE2304}.Debug|Any CPU.Build.0 = Debug|Any CPU
		{21BA978D-DF42-44F7-9428-9524F7DE2304}.Debug|x64.ActiveCfg = Debug|Any CPU
		{21BA978D-DF42-44F7-9428-9524F7DE2304}.Debug|x64.Build.0 = Debug|Any CPU
		{21BA978D-DF42-44F7-9428-9524F7DE2304}.Debug|x86.ActiveCfg = Debug|Any CPU
		{21BA978D-DF42-44F7-9428-9524F7DE2304}.Debug|x86.Build.0 = Debug|Any CPU
		{21BA978D-DF42-44F7-9428-9524F7DE2304}.Release|Any CPU.ActiveCfg = Release|Any CPU
		{21BA978D-DF42-44F7-9428-9524F7DE2304}.Release|Any CPU.Build.0 = Release|Any CPU
		{21BA978D-DF42-44F7-9428-9524F7DE2304}.Release|x64.ActiveCfg = Release|Any CPU
		{21BA978D-DF42-44F7-9428-9524F7DE2304}.Release|x64.Build.0 = Release|Any CPU
		{21BA978D-DF42-44F7-9428-9524F7DE2304}.Release|x86.ActiveCfg = Release|Any CPU
		{21BA978D-DF42-44F7-9428-9524F7DE2304}.Release|x86.Build.0 = Release|Any CPU
		{93B21BC8-F137-4E48-9109-48DDBF924EA3}.Debug|Any CPU.ActiveCfg = Debug|Any CPU
		{93B21BC8-F137-4E48-9109-48DDBF924EA3}.Debug|Any CPU.Build.0 = Debug|Any CPU
		{93B21BC8-F137-4E48-9109-48DDBF924EA3}.Debug|x64.ActiveCfg = Debug|Any CPU
		{93B21BC8-F137-4E48-9109-48DDBF924EA3}.Debug|x64.Build.0 = Debug|Any CPU
		{93B21BC8-F137-4E48-9109-48DDBF924EA3}.Debug|x86.ActiveCfg = Debug|Any CPU
		{93B21BC8-F137-4E48-9109-48DDBF924EA3}.Debug|x86.Build.0 = Debug|Any CPU
		{93B21BC8-F137-4E48-9109-48DDBF924EA3}.Release|Any CPU.ActiveCfg = Release|Any CPU
		{93B21BC8-F137-4E48-9109-48DDBF924EA3}.Release|Any CPU.Build.0 = Release|Any CPU
		{93B21BC8-F137-4E48-9109-48DDBF924EA3}.Release|x64.ActiveCfg = Release|Any CPU
		{93B21BC8-F137-4E48-9109-48DDBF924EA3}.Release|x64.Build.0 = Release|Any CPU
		{93B21BC8-F137-4E48-9109-48DDBF924EA3}.Release|x86.ActiveCfg = Release|Any CPU
		{93B21BC8-F137-4E48-9109-48DDBF924EA3}.Release|x86.Build.0 = Release|Any CPU
		{54BA0039-5BDC-413F-B87A-43D5DBEC93C8}.Debug|Any CPU.ActiveCfg = Debug|Any CPU
		{54BA0039-5BDC-413F-B87A-43D5DBEC93C8}.Debug|Any CPU.Build.0 = Debug|Any CPU
		{54BA0039-5BDC-413F-B87A-43D5DBEC93C8}.Debug|x64.ActiveCfg = Debug|Any CPU
		{54BA0039-5BDC-413F-B87A-43D5DBEC93C8}.Debug|x64.Build.0 = Debug|Any CPU
		{54BA0039-5BDC-413F-B87A-43D5DBEC93C8}.Debug|x86.ActiveCfg = Debug|Any CPU
		{54BA0039-5BDC-413F-B87A-43D5DBEC93C8}.Debug|x86.Build.0 = Debug|Any CPU
		{54BA0039-5BDC-413F-B87A-43D5DBEC93C8}.Release|Any CPU.ActiveCfg = Release|Any CPU
		{54BA0039-5BDC-413F-B87A-43D5DBEC93C8}.Release|Any CPU.Build.0 = Release|Any CPU
		{54BA0039-5BDC-413F-B87A-43D5DBEC93C8}.Release|x64.ActiveCfg = Release|Any CPU
		{54BA0039-5BDC-413F-B87A-43D5DBEC93C8}.Release|x64.Build.0 = Release|Any CPU
		{54BA0039-5BDC-413F-B87A-43D5DBEC93C8}.Release|x86.ActiveCfg = Release|Any CPU
		{54BA0039-5BDC-413F-B87A-43D5DBEC93C8}.Release|x86.Build.0 = Release|Any CPU
		{30FAB096-503E-49C1-A2FD-01F1276D47D9}.Debug|Any CPU.ActiveCfg = Debug|Any CPU
		{30FAB096-503E-49C1-A2FD-01F1276D47D9}.Debug|Any CPU.Build.0 = Debug|Any CPU
		{30FAB096-503E-49C1-A2FD-01F1276D47D9}.Debug|x64.ActiveCfg = Debug|Any CPU
		{30FAB096-503E-49C1-A2FD-01F1276D47D9}.Debug|x64.Build.0 = Debug|Any CPU
		{30FAB096-503E-49C1-A2FD-01F1276D47D9}.Debug|x86.ActiveCfg = Debug|Any CPU
		{30FAB096-503E-49C1-A2FD-01F1276D47D9}.Debug|x86.Build.0 = Debug|Any CPU
		{30FAB096-503E-49C1-A2FD-01F1276D47D9}.Release|Any CPU.ActiveCfg = Release|Any CPU
		{30FAB096-503E-49C1-A2FD-01F1276D47D9}.Release|Any CPU.Build.0 = Release|Any CPU
		{30FAB096-503E-49C1-A2FD-01F1276D47D9}.Release|x64.ActiveCfg = Release|Any CPU
		{30FAB096-503E-49C1-A2FD-01F1276D47D9}.Release|x64.Build.0 = Release|Any CPU
		{30FAB096-503E-49C1-A2FD-01F1276D47D9}.Release|x86.ActiveCfg = Release|Any CPU
		{30FAB096-503E-49C1-A2FD-01F1276D47D9}.Release|x86.Build.0 = Release|Any CPU
		{5984C1E1-8A31-4FEF-9DD0-A97E2144CB68}.Debug|Any CPU.ActiveCfg = Debug|Any CPU
		{5984C1E1-8A31-4FEF-9DD0-A97E2144CB68}.Debug|Any CPU.Build.0 = Debug|Any CPU
		{5984C1E1-8A31-4FEF-9DD0-A97E2144CB68}.Debug|x64.ActiveCfg = Debug|Any CPU
		{5984C1E1-8A31-4FEF-9DD0-A97E2144CB68}.Debug|x64.Build.0 = Debug|Any CPU
		{5984C1E1-8A31-4FEF-9DD0-A97E2144CB68}.Debug|x86.ActiveCfg = Debug|Any CPU
		{5984C1E1-8A31-4FEF-9DD0-A97E2144CB68}.Debug|x86.Build.0 = Debug|Any CPU
		{5984C1E1-8A31-4FEF-9DD0-A97E2144CB68}.Release|Any CPU.ActiveCfg = Release|Any CPU
		{5984C1E1-8A31-4FEF-9DD0-A97E2144CB68}.Release|Any CPU.Build.0 = Release|Any CPU
		{5984C1E1-8A31-4FEF-9DD0-A97E2144CB68}.Release|x64.ActiveCfg = Release|Any CPU
		{5984C1E1-8A31-4FEF-9DD0-A97E2144CB68}.Release|x64.Build.0 = Release|Any CPU
		{5984C1E1-8A31-4FEF-9DD0-A97E2144CB68}.Release|x86.ActiveCfg = Release|Any CPU
		{5984C1E1-8A31-4FEF-9DD0-A97E2144CB68}.Release|x86.Build.0 = Release|Any CPU
		{633DB4AB-E054-4FA1-B3B3-4CA87837553C}.Debug|Any CPU.ActiveCfg = Debug|Any CPU
		{633DB4AB-E054-4FA1-B3B3-4CA87837553C}.Debug|Any CPU.Build.0 = Debug|Any CPU
		{633DB4AB-E054-4FA1-B3B3-4CA87837553C}.Debug|x64.ActiveCfg = Debug|Any CPU
		{633DB4AB-E054-4FA1-B3B3-4CA87837553C}.Debug|x64.Build.0 = Debug|Any CPU
		{633DB4AB-E054-4FA1-B3B3-4CA87837553C}.Debug|x86.ActiveCfg = Debug|Any CPU
		{633DB4AB-E054-4FA1-B3B3-4CA87837553C}.Debug|x86.Build.0 = Debug|Any CPU
		{633DB4AB-E054-4FA1-B3B3-4CA87837553C}.Release|Any CPU.ActiveCfg = Release|Any CPU
		{633DB4AB-E054-4FA1-B3B3-4CA87837553C}.Release|Any CPU.Build.0 = Release|Any CPU
		{633DB4AB-E054-4FA1-B3B3-4CA87837553C}.Release|x64.ActiveCfg = Release|Any CPU
		{633DB4AB-E054-4FA1-B3B3-4CA87837553C}.Release|x64.Build.0 = Release|Any CPU
		{633DB4AB-E054-4FA1-B3B3-4CA87837553C}.Release|x86.ActiveCfg = Release|Any CPU
		{633DB4AB-E054-4FA1-B3B3-4CA87837553C}.Release|x86.Build.0 = Release|Any CPU
		{52951AFA-81A1-449D-8C98-54110087E99D}.Debug|Any CPU.ActiveCfg = Debug|Any CPU
		{52951AFA-81A1-449D-8C98-54110087E99D}.Debug|Any CPU.Build.0 = Debug|Any CPU
		{52951AFA-81A1-449D-8C98-54110087E99D}.Debug|x64.ActiveCfg = Debug|Any CPU
		{52951AFA-81A1-449D-8C98-54110087E99D}.Debug|x64.Build.0 = Debug|Any CPU
		{52951AFA-81A1-449D-8C98-54110087E99D}.Debug|x86.ActiveCfg = Debug|Any CPU
		{52951AFA-81A1-449D-8C98-54110087E99D}.Debug|x86.Build.0 = Debug|Any CPU
		{52951AFA-81A1-449D-8C98-54110087E99D}.Release|Any CPU.ActiveCfg = Release|Any CPU
		{52951AFA-81A1-449D-8C98-54110087E99D}.Release|Any CPU.Build.0 = Release|Any CPU
		{52951AFA-81A1-449D-8C98-54110087E99D}.Release|x64.ActiveCfg = Release|Any CPU
		{52951AFA-81A1-449D-8C98-54110087E99D}.Release|x64.Build.0 = Release|Any CPU
		{52951AFA-81A1-449D-8C98-54110087E99D}.Release|x86.ActiveCfg = Release|Any CPU
		{52951AFA-81A1-449D-8C98-54110087E99D}.Release|x86.Build.0 = Release|Any CPU
		{987EBEE2-B820-4219-8D2A-BC3EFAA9DAA3}.Debug|Any CPU.ActiveCfg = Debug|Any CPU
		{987EBEE2-B820-4219-8D2A-BC3EFAA9DAA3}.Debug|Any CPU.Build.0 = Debug|Any CPU
		{987EBEE2-B820-4219-8D2A-BC3EFAA9DAA3}.Debug|x64.ActiveCfg = Debug|Any CPU
		{987EBEE2-B820-4219-8D2A-BC3EFAA9DAA3}.Debug|x64.Build.0 = Debug|Any CPU
		{987EBEE2-B820-4219-8D2A-BC3EFAA9DAA3}.Debug|x86.ActiveCfg = Debug|Any CPU
		{987EBEE2-B820-4219-8D2A-BC3EFAA9DAA3}.Debug|x86.Build.0 = Debug|Any CPU
		{987EBEE2-B820-4219-8D2A-BC3EFAA9DAA3}.Release|Any CPU.ActiveCfg = Release|Any CPU
		{987EBEE2-B820-4219-8D2A-BC3EFAA9DAA3}.Release|Any CPU.Build.0 = Release|Any CPU
		{987EBEE2-B820-4219-8D2A-BC3EFAA9DAA3}.Release|x64.ActiveCfg = Release|Any CPU
		{987EBEE2-B820-4219-8D2A-BC3EFAA9DAA3}.Release|x64.Build.0 = Release|Any CPU
		{987EBEE2-B820-4219-8D2A-BC3EFAA9DAA3}.Release|x86.ActiveCfg = Release|Any CPU
		{987EBEE2-B820-4219-8D2A-BC3EFAA9DAA3}.Release|x86.Build.0 = Release|Any CPU
		{23AA5598-8AA7-4760-9106-9DB300DABB00}.Debug|Any CPU.ActiveCfg = Debug|Any CPU
		{23AA5598-8AA7-4760-9106-9DB300DABB00}.Debug|Any CPU.Build.0 = Debug|Any CPU
		{23AA5598-8AA7-4760-9106-9DB300DABB00}.Debug|x64.ActiveCfg = Debug|Any CPU
		{23AA5598-8AA7-4760-9106-9DB300DABB00}.Debug|x64.Build.0 = Debug|Any CPU
		{23AA5598-8AA7-4760-9106-9DB300DABB00}.Debug|x86.ActiveCfg = Debug|Any CPU
		{23AA5598-8AA7-4760-9106-9DB300DABB00}.Debug|x86.Build.0 = Debug|Any CPU
		{23AA5598-8AA7-4760-9106-9DB300DABB00}.Release|Any CPU.ActiveCfg = Release|Any CPU
		{23AA5598-8AA7-4760-9106-9DB300DABB00}.Release|Any CPU.Build.0 = Release|Any CPU
		{23AA5598-8AA7-4760-9106-9DB300DABB00}.Release|x64.ActiveCfg = Release|Any CPU
		{23AA5598-8AA7-4760-9106-9DB300DABB00}.Release|x64.Build.0 = Release|Any CPU
		{23AA5598-8AA7-4760-9106-9DB300DABB00}.Release|x86.ActiveCfg = Release|Any CPU
		{23AA5598-8AA7-4760-9106-9DB300DABB00}.Release|x86.Build.0 = Release|Any CPU
		{BDC4F7D5-D8FB-49EA-921F-8146806FD4B9}.Debug|Any CPU.ActiveCfg = Debug|Any CPU
		{BDC4F7D5-D8FB-49EA-921F-8146806FD4B9}.Debug|Any CPU.Build.0 = Debug|Any CPU
		{BDC4F7D5-D8FB-49EA-921F-8146806FD4B9}.Debug|x64.ActiveCfg = Debug|Any CPU
		{BDC4F7D5-D8FB-49EA-921F-8146806FD4B9}.Debug|x64.Build.0 = Debug|Any CPU
		{BDC4F7D5-D8FB-49EA-921F-8146806FD4B9}.Debug|x86.ActiveCfg = Debug|Any CPU
		{BDC4F7D5-D8FB-49EA-921F-8146806FD4B9}.Debug|x86.Build.0 = Debug|Any CPU
		{BDC4F7D5-D8FB-49EA-921F-8146806FD4B9}.Release|Any CPU.ActiveCfg = Release|Any CPU
		{BDC4F7D5-D8FB-49EA-921F-8146806FD4B9}.Release|Any CPU.Build.0 = Release|Any CPU
		{BDC4F7D5-D8FB-49EA-921F-8146806FD4B9}.Release|x64.ActiveCfg = Release|Any CPU
		{BDC4F7D5-D8FB-49EA-921F-8146806FD4B9}.Release|x64.Build.0 = Release|Any CPU
		{BDC4F7D5-D8FB-49EA-921F-8146806FD4B9}.Release|x86.ActiveCfg = Release|Any CPU
		{BDC4F7D5-D8FB-49EA-921F-8146806FD4B9}.Release|x86.Build.0 = Release|Any CPU
		{D24F8A11-1D48-44AC-B082-EC62356B31BF}.Debug|Any CPU.ActiveCfg = Debug|Any CPU
		{D24F8A11-1D48-44AC-B082-EC62356B31BF}.Debug|Any CPU.Build.0 = Debug|Any CPU
		{D24F8A11-1D48-44AC-B082-EC62356B31BF}.Debug|x64.ActiveCfg = Debug|Any CPU
		{D24F8A11-1D48-44AC-B082-EC62356B31BF}.Debug|x64.Build.0 = Debug|Any CPU
		{D24F8A11-1D48-44AC-B082-EC62356B31BF}.Debug|x86.ActiveCfg = Debug|Any CPU
		{D24F8A11-1D48-44AC-B082-EC62356B31BF}.Debug|x86.Build.0 = Debug|Any CPU
		{D24F8A11-1D48-44AC-B082-EC62356B31BF}.Release|Any CPU.ActiveCfg = Release|Any CPU
		{D24F8A11-1D48-44AC-B082-EC62356B31BF}.Release|Any CPU.Build.0 = Release|Any CPU
		{D24F8A11-1D48-44AC-B082-EC62356B31BF}.Release|x64.ActiveCfg = Release|Any CPU
		{D24F8A11-1D48-44AC-B082-EC62356B31BF}.Release|x64.Build.0 = Release|Any CPU
		{D24F8A11-1D48-44AC-B082-EC62356B31BF}.Release|x86.ActiveCfg = Release|Any CPU
		{D24F8A11-1D48-44AC-B082-EC62356B31BF}.Release|x86.Build.0 = Release|Any CPU
		{CA751096-0E03-4284-BAB5-DFCD9F2D7F92}.Debug|Any CPU.ActiveCfg = Debug|Any CPU
		{CA751096-0E03-4284-BAB5-DFCD9F2D7F92}.Debug|Any CPU.Build.0 = Debug|Any CPU
		{CA751096-0E03-4284-BAB5-DFCD9F2D7F92}.Debug|x64.ActiveCfg = Debug|Any CPU
		{CA751096-0E03-4284-BAB5-DFCD9F2D7F92}.Debug|x64.Build.0 = Debug|Any CPU
		{CA751096-0E03-4284-BAB5-DFCD9F2D7F92}.Debug|x86.ActiveCfg = Debug|Any CPU
		{CA751096-0E03-4284-BAB5-DFCD9F2D7F92}.Debug|x86.Build.0 = Debug|Any CPU
		{CA751096-0E03-4284-BAB5-DFCD9F2D7F92}.Release|Any CPU.ActiveCfg = Release|Any CPU
		{CA751096-0E03-4284-BAB5-DFCD9F2D7F92}.Release|Any CPU.Build.0 = Release|Any CPU
		{CA751096-0E03-4284-BAB5-DFCD9F2D7F92}.Release|x64.ActiveCfg = Release|Any CPU
		{CA751096-0E03-4284-BAB5-DFCD9F2D7F92}.Release|x64.Build.0 = Release|Any CPU
		{CA751096-0E03-4284-BAB5-DFCD9F2D7F92}.Release|x86.ActiveCfg = Release|Any CPU
		{CA751096-0E03-4284-BAB5-DFCD9F2D7F92}.Release|x86.Build.0 = Release|Any CPU
		{8FA1AEC2-3221-4643-95F0-3DE5CF81C631}.Debug|Any CPU.ActiveCfg = Debug|Any CPU
		{8FA1AEC2-3221-4643-95F0-3DE5CF81C631}.Debug|Any CPU.Build.0 = Debug|Any CPU
		{8FA1AEC2-3221-4643-95F0-3DE5CF81C631}.Debug|x64.ActiveCfg = Debug|Any CPU
		{8FA1AEC2-3221-4643-95F0-3DE5CF81C631}.Debug|x64.Build.0 = Debug|Any CPU
		{8FA1AEC2-3221-4643-95F0-3DE5CF81C631}.Debug|x86.ActiveCfg = Debug|Any CPU
		{8FA1AEC2-3221-4643-95F0-3DE5CF81C631}.Debug|x86.Build.0 = Debug|Any CPU
		{8FA1AEC2-3221-4643-95F0-3DE5CF81C631}.Release|Any CPU.ActiveCfg = Release|Any CPU
		{8FA1AEC2-3221-4643-95F0-3DE5CF81C631}.Release|Any CPU.Build.0 = Release|Any CPU
		{8FA1AEC2-3221-4643-95F0-3DE5CF81C631}.Release|x64.ActiveCfg = Release|Any CPU
		{8FA1AEC2-3221-4643-95F0-3DE5CF81C631}.Release|x64.Build.0 = Release|Any CPU
		{8FA1AEC2-3221-4643-95F0-3DE5CF81C631}.Release|x86.ActiveCfg = Release|Any CPU
		{8FA1AEC2-3221-4643-95F0-3DE5CF81C631}.Release|x86.Build.0 = Release|Any CPU
		{FFE06DCC-7658-4E43-9039-F6BC0B38C5A1}.Debug|Any CPU.ActiveCfg = Debug|Any CPU
		{FFE06DCC-7658-4E43-9039-F6BC0B38C5A1}.Debug|Any CPU.Build.0 = Debug|Any CPU
		{FFE06DCC-7658-4E43-9039-F6BC0B38C5A1}.Debug|x64.ActiveCfg = Debug|Any CPU
		{FFE06DCC-7658-4E43-9039-F6BC0B38C5A1}.Debug|x64.Build.0 = Debug|Any CPU
		{FFE06DCC-7658-4E43-9039-F6BC0B38C5A1}.Debug|x86.ActiveCfg = Debug|Any CPU
		{FFE06DCC-7658-4E43-9039-F6BC0B38C5A1}.Debug|x86.Build.0 = Debug|Any CPU
		{FFE06DCC-7658-4E43-9039-F6BC0B38C5A1}.Release|Any CPU.ActiveCfg = Release|Any CPU
		{FFE06DCC-7658-4E43-9039-F6BC0B38C5A1}.Release|Any CPU.Build.0 = Release|Any CPU
		{FFE06DCC-7658-4E43-9039-F6BC0B38C5A1}.Release|x64.ActiveCfg = Release|Any CPU
		{FFE06DCC-7658-4E43-9039-F6BC0B38C5A1}.Release|x64.Build.0 = Release|Any CPU
		{FFE06DCC-7658-4E43-9039-F6BC0B38C5A1}.Release|x86.ActiveCfg = Release|Any CPU
		{FFE06DCC-7658-4E43-9039-F6BC0B38C5A1}.Release|x86.Build.0 = Release|Any CPU
		{DBE1B1D8-F89E-408B-99FD-E6AB7A3E1EA3}.Debug|Any CPU.ActiveCfg = Debug|Any CPU
		{DBE1B1D8-F89E-408B-99FD-E6AB7A3E1EA3}.Debug|Any CPU.Build.0 = Debug|Any CPU
		{DBE1B1D8-F89E-408B-99FD-E6AB7A3E1EA3}.Debug|x64.ActiveCfg = Debug|Any CPU
		{DBE1B1D8-F89E-408B-99FD-E6AB7A3E1EA3}.Debug|x64.Build.0 = Debug|Any CPU
		{DBE1B1D8-F89E-408B-99FD-E6AB7A3E1EA3}.Debug|x86.ActiveCfg = Debug|Any CPU
		{DBE1B1D8-F89E-408B-99FD-E6AB7A3E1EA3}.Debug|x86.Build.0 = Debug|Any CPU
		{DBE1B1D8-F89E-408B-99FD-E6AB7A3E1EA3}.Release|Any CPU.ActiveCfg = Release|Any CPU
		{DBE1B1D8-F89E-408B-99FD-E6AB7A3E1EA3}.Release|Any CPU.Build.0 = Release|Any CPU
		{DBE1B1D8-F89E-408B-99FD-E6AB7A3E1EA3}.Release|x64.ActiveCfg = Release|Any CPU
		{DBE1B1D8-F89E-408B-99FD-E6AB7A3E1EA3}.Release|x64.Build.0 = Release|Any CPU
		{DBE1B1D8-F89E-408B-99FD-E6AB7A3E1EA3}.Release|x86.ActiveCfg = Release|Any CPU
		{DBE1B1D8-F89E-408B-99FD-E6AB7A3E1EA3}.Release|x86.Build.0 = Release|Any CPU
		{6C592412-F1AB-43A0-AFCF-A6602175DA6C}.Debug|Any CPU.ActiveCfg = Debug|Any CPU
		{6C592412-F1AB-43A0-AFCF-A6602175DA6C}.Debug|Any CPU.Build.0 = Debug|Any CPU
		{6C592412-F1AB-43A0-AFCF-A6602175DA6C}.Debug|x64.ActiveCfg = Debug|Any CPU
		{6C592412-F1AB-43A0-AFCF-A6602175DA6C}.Debug|x64.Build.0 = Debug|Any CPU
		{6C592412-F1AB-43A0-AFCF-A6602175DA6C}.Debug|x86.ActiveCfg = Debug|Any CPU
		{6C592412-F1AB-43A0-AFCF-A6602175DA6C}.Debug|x86.Build.0 = Debug|Any CPU
		{6C592412-F1AB-43A0-AFCF-A6602175DA6C}.Release|Any CPU.ActiveCfg = Release|Any CPU
		{6C592412-F1AB-43A0-AFCF-A6602175DA6C}.Release|Any CPU.Build.0 = Release|Any CPU
		{6C592412-F1AB-43A0-AFCF-A6602175DA6C}.Release|x64.ActiveCfg = Release|Any CPU
		{6C592412-F1AB-43A0-AFCF-A6602175DA6C}.Release|x64.Build.0 = Release|Any CPU
		{6C592412-F1AB-43A0-AFCF-A6602175DA6C}.Release|x86.ActiveCfg = Release|Any CPU
		{6C592412-F1AB-43A0-AFCF-A6602175DA6C}.Release|x86.Build.0 = Release|Any CPU
		{662CC478-5802-4B9A-B288-82B38916FB56}.Debug|Any CPU.ActiveCfg = Debug|Any CPU
		{662CC478-5802-4B9A-B288-82B38916FB56}.Debug|Any CPU.Build.0 = Debug|Any CPU
		{662CC478-5802-4B9A-B288-82B38916FB56}.Debug|x64.ActiveCfg = Debug|Any CPU
		{662CC478-5802-4B9A-B288-82B38916FB56}.Debug|x64.Build.0 = Debug|Any CPU
		{662CC478-5802-4B9A-B288-82B38916FB56}.Debug|x86.ActiveCfg = Debug|Any CPU
		{662CC478-5802-4B9A-B288-82B38916FB56}.Debug|x86.Build.0 = Debug|Any CPU
		{662CC478-5802-4B9A-B288-82B38916FB56}.Release|Any CPU.ActiveCfg = Release|Any CPU
		{662CC478-5802-4B9A-B288-82B38916FB56}.Release|Any CPU.Build.0 = Release|Any CPU
		{662CC478-5802-4B9A-B288-82B38916FB56}.Release|x64.ActiveCfg = Release|Any CPU
		{662CC478-5802-4B9A-B288-82B38916FB56}.Release|x64.Build.0 = Release|Any CPU
		{662CC478-5802-4B9A-B288-82B38916FB56}.Release|x86.ActiveCfg = Release|Any CPU
		{662CC478-5802-4B9A-B288-82B38916FB56}.Release|x86.Build.0 = Release|Any CPU
		{04100B97-6FB5-43BE-9C5C-798554D79979}.Debug|Any CPU.ActiveCfg = Debug|Any CPU
		{04100B97-6FB5-43BE-9C5C-798554D79979}.Debug|Any CPU.Build.0 = Debug|Any CPU
		{04100B97-6FB5-43BE-9C5C-798554D79979}.Debug|x64.ActiveCfg = Debug|Any CPU
		{04100B97-6FB5-43BE-9C5C-798554D79979}.Debug|x64.Build.0 = Debug|Any CPU
		{04100B97-6FB5-43BE-9C5C-798554D79979}.Debug|x86.ActiveCfg = Debug|Any CPU
		{04100B97-6FB5-43BE-9C5C-798554D79979}.Debug|x86.Build.0 = Debug|Any CPU
		{04100B97-6FB5-43BE-9C5C-798554D79979}.Release|Any CPU.ActiveCfg = Release|Any CPU
		{04100B97-6FB5-43BE-9C5C-798554D79979}.Release|Any CPU.Build.0 = Release|Any CPU
		{04100B97-6FB5-43BE-9C5C-798554D79979}.Release|x64.ActiveCfg = Release|Any CPU
		{04100B97-6FB5-43BE-9C5C-798554D79979}.Release|x64.Build.0 = Release|Any CPU
		{04100B97-6FB5-43BE-9C5C-798554D79979}.Release|x86.ActiveCfg = Release|Any CPU
		{04100B97-6FB5-43BE-9C5C-798554D79979}.Release|x86.Build.0 = Release|Any CPU
		{8C5ACD9E-71A7-429F-A51E-F09841D46548}.Debug|Any CPU.ActiveCfg = Debug|Any CPU
		{8C5ACD9E-71A7-429F-A51E-F09841D46548}.Debug|Any CPU.Build.0 = Debug|Any CPU
		{8C5ACD9E-71A7-429F-A51E-F09841D46548}.Debug|x64.ActiveCfg = Debug|Any CPU
		{8C5ACD9E-71A7-429F-A51E-F09841D46548}.Debug|x64.Build.0 = Debug|Any CPU
		{8C5ACD9E-71A7-429F-A51E-F09841D46548}.Debug|x86.ActiveCfg = Debug|Any CPU
		{8C5ACD9E-71A7-429F-A51E-F09841D46548}.Debug|x86.Build.0 = Debug|Any CPU
		{8C5ACD9E-71A7-429F-A51E-F09841D46548}.Release|Any CPU.ActiveCfg = Release|Any CPU
		{8C5ACD9E-71A7-429F-A51E-F09841D46548}.Release|Any CPU.Build.0 = Release|Any CPU
		{8C5ACD9E-71A7-429F-A51E-F09841D46548}.Release|x64.ActiveCfg = Release|Any CPU
		{8C5ACD9E-71A7-429F-A51E-F09841D46548}.Release|x64.Build.0 = Release|Any CPU
		{8C5ACD9E-71A7-429F-A51E-F09841D46548}.Release|x86.ActiveCfg = Release|Any CPU
		{8C5ACD9E-71A7-429F-A51E-F09841D46548}.Release|x86.Build.0 = Release|Any CPU
		{746BD4D5-7F18-49A1-AE5B-B89BC156632A}.Debug|Any CPU.ActiveCfg = Debug|Any CPU
		{746BD4D5-7F18-49A1-AE5B-B89BC156632A}.Debug|Any CPU.Build.0 = Debug|Any CPU
		{746BD4D5-7F18-49A1-AE5B-B89BC156632A}.Debug|x64.ActiveCfg = Debug|Any CPU
		{746BD4D5-7F18-49A1-AE5B-B89BC156632A}.Debug|x64.Build.0 = Debug|Any CPU
		{746BD4D5-7F18-49A1-AE5B-B89BC156632A}.Debug|x86.ActiveCfg = Debug|Any CPU
		{746BD4D5-7F18-49A1-AE5B-B89BC156632A}.Debug|x86.Build.0 = Debug|Any CPU
		{746BD4D5-7F18-49A1-AE5B-B89BC156632A}.Release|Any CPU.ActiveCfg = Release|Any CPU
		{746BD4D5-7F18-49A1-AE5B-B89BC156632A}.Release|Any CPU.Build.0 = Release|Any CPU
		{746BD4D5-7F18-49A1-AE5B-B89BC156632A}.Release|x64.ActiveCfg = Release|Any CPU
		{746BD4D5-7F18-49A1-AE5B-B89BC156632A}.Release|x64.Build.0 = Release|Any CPU
		{746BD4D5-7F18-49A1-AE5B-B89BC156632A}.Release|x86.ActiveCfg = Release|Any CPU
		{746BD4D5-7F18-49A1-AE5B-B89BC156632A}.Release|x86.Build.0 = Release|Any CPU
		{AD8FC58E-9319-4056-906F-DB26D36D1DCD}.Debug|Any CPU.ActiveCfg = Debug|Any CPU
		{AD8FC58E-9319-4056-906F-DB26D36D1DCD}.Debug|Any CPU.Build.0 = Debug|Any CPU
		{AD8FC58E-9319-4056-906F-DB26D36D1DCD}.Debug|x64.ActiveCfg = Debug|Any CPU
		{AD8FC58E-9319-4056-906F-DB26D36D1DCD}.Debug|x64.Build.0 = Debug|Any CPU
		{AD8FC58E-9319-4056-906F-DB26D36D1DCD}.Debug|x86.ActiveCfg = Debug|Any CPU
		{AD8FC58E-9319-4056-906F-DB26D36D1DCD}.Debug|x86.Build.0 = Debug|Any CPU
		{AD8FC58E-9319-4056-906F-DB26D36D1DCD}.Release|Any CPU.ActiveCfg = Release|Any CPU
		{AD8FC58E-9319-4056-906F-DB26D36D1DCD}.Release|Any CPU.Build.0 = Release|Any CPU
		{AD8FC58E-9319-4056-906F-DB26D36D1DCD}.Release|x64.ActiveCfg = Release|Any CPU
		{AD8FC58E-9319-4056-906F-DB26D36D1DCD}.Release|x64.Build.0 = Release|Any CPU
		{AD8FC58E-9319-4056-906F-DB26D36D1DCD}.Release|x86.ActiveCfg = Release|Any CPU
		{AD8FC58E-9319-4056-906F-DB26D36D1DCD}.Release|x86.Build.0 = Release|Any CPU
		{42B02421-BB9D-492B-A98F-CD2F0A35B5B0}.Debug|Any CPU.ActiveCfg = Debug|Any CPU
		{42B02421-BB9D-492B-A98F-CD2F0A35B5B0}.Debug|Any CPU.Build.0 = Debug|Any CPU
		{42B02421-BB9D-492B-A98F-CD2F0A35B5B0}.Debug|x64.ActiveCfg = Debug|Any CPU
		{42B02421-BB9D-492B-A98F-CD2F0A35B5B0}.Debug|x64.Build.0 = Debug|Any CPU
		{42B02421-BB9D-492B-A98F-CD2F0A35B5B0}.Debug|x86.ActiveCfg = Debug|Any CPU
		{42B02421-BB9D-492B-A98F-CD2F0A35B5B0}.Debug|x86.Build.0 = Debug|Any CPU
		{42B02421-BB9D-492B-A98F-CD2F0A35B5B0}.Release|Any CPU.ActiveCfg = Release|Any CPU
		{42B02421-BB9D-492B-A98F-CD2F0A35B5B0}.Release|Any CPU.Build.0 = Release|Any CPU
		{42B02421-BB9D-492B-A98F-CD2F0A35B5B0}.Release|x64.ActiveCfg = Release|Any CPU
		{42B02421-BB9D-492B-A98F-CD2F0A35B5B0}.Release|x64.Build.0 = Release|Any CPU
		{42B02421-BB9D-492B-A98F-CD2F0A35B5B0}.Release|x86.ActiveCfg = Release|Any CPU
		{42B02421-BB9D-492B-A98F-CD2F0A35B5B0}.Release|x86.Build.0 = Release|Any CPU
		{CBC7D509-DBF6-4D87-9758-B1F4D5015FA6}.Debug|Any CPU.ActiveCfg = Debug|Any CPU
		{CBC7D509-DBF6-4D87-9758-B1F4D5015FA6}.Debug|Any CPU.Build.0 = Debug|Any CPU
		{CBC7D509-DBF6-4D87-9758-B1F4D5015FA6}.Debug|x64.ActiveCfg = Debug|Any CPU
		{CBC7D509-DBF6-4D87-9758-B1F4D5015FA6}.Debug|x64.Build.0 = Debug|Any CPU
		{CBC7D509-DBF6-4D87-9758-B1F4D5015FA6}.Debug|x86.ActiveCfg = Debug|Any CPU
		{CBC7D509-DBF6-4D87-9758-B1F4D5015FA6}.Debug|x86.Build.0 = Debug|Any CPU
		{CBC7D509-DBF6-4D87-9758-B1F4D5015FA6}.Release|Any CPU.ActiveCfg = Release|Any CPU
		{CBC7D509-DBF6-4D87-9758-B1F4D5015FA6}.Release|Any CPU.Build.0 = Release|Any CPU
		{CBC7D509-DBF6-4D87-9758-B1F4D5015FA6}.Release|x64.ActiveCfg = Release|Any CPU
		{CBC7D509-DBF6-4D87-9758-B1F4D5015FA6}.Release|x64.Build.0 = Release|Any CPU
		{CBC7D509-DBF6-4D87-9758-B1F4D5015FA6}.Release|x86.ActiveCfg = Release|Any CPU
		{CBC7D509-DBF6-4D87-9758-B1F4D5015FA6}.Release|x86.Build.0 = Release|Any CPU
		{1CCE2961-FA43-4BAB-A3F5-3C60B3BB272A}.Debug|Any CPU.ActiveCfg = Debug|Any CPU
		{1CCE2961-FA43-4BAB-A3F5-3C60B3BB272A}.Debug|Any CPU.Build.0 = Debug|Any CPU
		{1CCE2961-FA43-4BAB-A3F5-3C60B3BB272A}.Debug|x64.ActiveCfg = Debug|Any CPU
		{1CCE2961-FA43-4BAB-A3F5-3C60B3BB272A}.Debug|x64.Build.0 = Debug|Any CPU
		{1CCE2961-FA43-4BAB-A3F5-3C60B3BB272A}.Debug|x86.ActiveCfg = Debug|Any CPU
		{1CCE2961-FA43-4BAB-A3F5-3C60B3BB272A}.Debug|x86.Build.0 = Debug|Any CPU
		{1CCE2961-FA43-4BAB-A3F5-3C60B3BB272A}.Release|Any CPU.ActiveCfg = Release|Any CPU
		{1CCE2961-FA43-4BAB-A3F5-3C60B3BB272A}.Release|Any CPU.Build.0 = Release|Any CPU
		{1CCE2961-FA43-4BAB-A3F5-3C60B3BB272A}.Release|x64.ActiveCfg = Release|Any CPU
		{1CCE2961-FA43-4BAB-A3F5-3C60B3BB272A}.Release|x64.Build.0 = Release|Any CPU
		{1CCE2961-FA43-4BAB-A3F5-3C60B3BB272A}.Release|x86.ActiveCfg = Release|Any CPU
		{1CCE2961-FA43-4BAB-A3F5-3C60B3BB272A}.Release|x86.Build.0 = Release|Any CPU
		{1E5AB2D1-3BD6-4B8B-81FD-720256BCE090}.Debug|Any CPU.ActiveCfg = Debug|Any CPU
		{1E5AB2D1-3BD6-4B8B-81FD-720256BCE090}.Debug|Any CPU.Build.0 = Debug|Any CPU
		{1E5AB2D1-3BD6-4B8B-81FD-720256BCE090}.Debug|x64.ActiveCfg = Debug|Any CPU
		{1E5AB2D1-3BD6-4B8B-81FD-720256BCE090}.Debug|x64.Build.0 = Debug|Any CPU
		{1E5AB2D1-3BD6-4B8B-81FD-720256BCE090}.Debug|x86.ActiveCfg = Debug|Any CPU
		{1E5AB2D1-3BD6-4B8B-81FD-720256BCE090}.Debug|x86.Build.0 = Debug|Any CPU
		{1E5AB2D1-3BD6-4B8B-81FD-720256BCE090}.Release|Any CPU.ActiveCfg = Release|Any CPU
		{1E5AB2D1-3BD6-4B8B-81FD-720256BCE090}.Release|Any CPU.Build.0 = Release|Any CPU
		{1E5AB2D1-3BD6-4B8B-81FD-720256BCE090}.Release|x64.ActiveCfg = Release|Any CPU
		{1E5AB2D1-3BD6-4B8B-81FD-720256BCE090}.Release|x64.Build.0 = Release|Any CPU
		{1E5AB2D1-3BD6-4B8B-81FD-720256BCE090}.Release|x86.ActiveCfg = Release|Any CPU
		{1E5AB2D1-3BD6-4B8B-81FD-720256BCE090}.Release|x86.Build.0 = Release|Any CPU
		{0724D952-C46A-4C77-A7A1-7E7CC508E19B}.Debug|Any CPU.ActiveCfg = Debug|Any CPU
		{0724D952-C46A-4C77-A7A1-7E7CC508E19B}.Debug|Any CPU.Build.0 = Debug|Any CPU
		{0724D952-C46A-4C77-A7A1-7E7CC508E19B}.Debug|x64.ActiveCfg = Debug|Any CPU
		{0724D952-C46A-4C77-A7A1-7E7CC508E19B}.Debug|x64.Build.0 = Debug|Any CPU
		{0724D952-C46A-4C77-A7A1-7E7CC508E19B}.Debug|x86.ActiveCfg = Debug|Any CPU
		{0724D952-C46A-4C77-A7A1-7E7CC508E19B}.Debug|x86.Build.0 = Debug|Any CPU
		{0724D952-C46A-4C77-A7A1-7E7CC508E19B}.Release|Any CPU.ActiveCfg = Release|Any CPU
		{0724D952-C46A-4C77-A7A1-7E7CC508E19B}.Release|Any CPU.Build.0 = Release|Any CPU
		{0724D952-C46A-4C77-A7A1-7E7CC508E19B}.Release|x64.ActiveCfg = Release|Any CPU
		{0724D952-C46A-4C77-A7A1-7E7CC508E19B}.Release|x64.Build.0 = Release|Any CPU
		{0724D952-C46A-4C77-A7A1-7E7CC508E19B}.Release|x86.ActiveCfg = Release|Any CPU
		{0724D952-C46A-4C77-A7A1-7E7CC508E19B}.Release|x86.Build.0 = Release|Any CPU
		{64243204-8963-4923-A297-C2F50B39CA6C}.Debug|Any CPU.ActiveCfg = Debug|Any CPU
		{64243204-8963-4923-A297-C2F50B39CA6C}.Debug|Any CPU.Build.0 = Debug|Any CPU
		{64243204-8963-4923-A297-C2F50B39CA6C}.Debug|x64.ActiveCfg = Debug|Any CPU
		{64243204-8963-4923-A297-C2F50B39CA6C}.Debug|x64.Build.0 = Debug|Any CPU
		{64243204-8963-4923-A297-C2F50B39CA6C}.Debug|x86.ActiveCfg = Debug|Any CPU
		{64243204-8963-4923-A297-C2F50B39CA6C}.Debug|x86.Build.0 = Debug|Any CPU
		{64243204-8963-4923-A297-C2F50B39CA6C}.Release|Any CPU.ActiveCfg = Release|Any CPU
		{64243204-8963-4923-A297-C2F50B39CA6C}.Release|Any CPU.Build.0 = Release|Any CPU
		{64243204-8963-4923-A297-C2F50B39CA6C}.Release|x64.ActiveCfg = Release|Any CPU
		{64243204-8963-4923-A297-C2F50B39CA6C}.Release|x64.Build.0 = Release|Any CPU
		{64243204-8963-4923-A297-C2F50B39CA6C}.Release|x86.ActiveCfg = Release|Any CPU
		{64243204-8963-4923-A297-C2F50B39CA6C}.Release|x86.Build.0 = Release|Any CPU
	EndGlobalSection
	GlobalSection(SolutionProperties) = preSolution
		HideSolutionNode = FALSE
	EndGlobalSection
	GlobalSection(NestedProjects) = preSolution
		{5CB01D37-30F8-465E-B45A-B1AE33E5D60F} = {76650D41-9C45-4CC3-BB1C-C2D297846B3B}
		{81DA2AF3-C7FA-48CF-9A99-2AF9D2B7E288} = {76650D41-9C45-4CC3-BB1C-C2D297846B3B}
		{FBDB2A24-622A-4040-8355-9570B8EA70FD} = {EF910C2C-033E-4BB2-B126-6174182D1174}
		{17616A26-AD61-407E-9389-189DCAF71294} = {FBDB2A24-622A-4040-8355-9570B8EA70FD}
		{A8D0A921-45FC-4585-964F-0EEEAD9CCFF0} = {5CB01D37-30F8-465E-B45A-B1AE33E5D60F}
		{CE67228C-61CC-49CE-95FC-279C86AEA5AD} = {A8D0A921-45FC-4585-964F-0EEEAD9CCFF0}
		{A5080628-B74A-4084-B906-7550552EA505} = {A8D0A921-45FC-4585-964F-0EEEAD9CCFF0}
		{C2A105E3-ADC1-4C08-8683-2AAB822F853C} = {A8D0A921-45FC-4585-964F-0EEEAD9CCFF0}
		{8A40AC30-6AF5-4A34-BC88-F385E2FC22A6} = {A8D0A921-45FC-4585-964F-0EEEAD9CCFF0}
		{0C3C156A-6C02-4F6C-A8B2-031ACD5516CD} = {76650D41-9C45-4CC3-BB1C-C2D297846B3B}
		{21BA978D-DF42-44F7-9428-9524F7DE2304} = {0C3C156A-6C02-4F6C-A8B2-031ACD5516CD}
		{07E4A835-1551-4420-BE91-81EF97CDD8E7} = {5CB01D37-30F8-465E-B45A-B1AE33E5D60F}
		{93B21BC8-F137-4E48-9109-48DDBF924EA3} = {07E4A835-1551-4420-BE91-81EF97CDD8E7}
		{54BA0039-5BDC-413F-B87A-43D5DBEC93C8} = {07E4A835-1551-4420-BE91-81EF97CDD8E7}
		{30FAB096-503E-49C1-A2FD-01F1276D47D9} = {07E4A835-1551-4420-BE91-81EF97CDD8E7}
		{5984C1E1-8A31-4FEF-9DD0-A97E2144CB68} = {07E4A835-1551-4420-BE91-81EF97CDD8E7}
		{C204DB62-7D21-49C9-B6D5-93D82496ED8D} = {5CB01D37-30F8-465E-B45A-B1AE33E5D60F}
		{633DB4AB-E054-4FA1-B3B3-4CA87837553C} = {C204DB62-7D21-49C9-B6D5-93D82496ED8D}
		{52951AFA-81A1-449D-8C98-54110087E99D} = {C204DB62-7D21-49C9-B6D5-93D82496ED8D}
		{987EBEE2-B820-4219-8D2A-BC3EFAA9DAA3} = {C204DB62-7D21-49C9-B6D5-93D82496ED8D}
		{23AA5598-8AA7-4760-9106-9DB300DABB00} = {C204DB62-7D21-49C9-B6D5-93D82496ED8D}
		{7434E089-9F1E-481B-A753-D9AB25C13786} = {5CB01D37-30F8-465E-B45A-B1AE33E5D60F}
		{FB6131DE-91B6-43F1-A5AC-1E9573E1B785} = {BED40454-20E2-4718-B093-89B5197C161A}
		{BDC4F7D5-D8FB-49EA-921F-8146806FD4B9} = {FB6131DE-91B6-43F1-A5AC-1E9573E1B785}
		{98ADE1A7-4D4A-43EF-8545-83F117A9EE99} = {BED40454-20E2-4718-B093-89B5197C161A}
		{D24F8A11-1D48-44AC-B082-EC62356B31BF} = {98ADE1A7-4D4A-43EF-8545-83F117A9EE99}
		{E188AACD-EA08-41E7-84EA-B657A285B033} = {4FB695AA-9EF3-42DB-9C87-668F7ACC19CA}
		{CA751096-0E03-4284-BAB5-DFCD9F2D7F92} = {E188AACD-EA08-41E7-84EA-B657A285B033}
		{12DE116D-AC9F-40FB-AB9D-72B4B493A915} = {81DA2AF3-C7FA-48CF-9A99-2AF9D2B7E288}
		{8FA1AEC2-3221-4643-95F0-3DE5CF81C631} = {12DE116D-AC9F-40FB-AB9D-72B4B493A915}
		{FFE06DCC-7658-4E43-9039-F6BC0B38C5A1} = {FB6131DE-91B6-43F1-A5AC-1E9573E1B785}
		{DBE1B1D8-F89E-408B-99FD-E6AB7A3E1EA3} = {98ADE1A7-4D4A-43EF-8545-83F117A9EE99}
		{6C592412-F1AB-43A0-AFCF-A6602175DA6C} = {12DE116D-AC9F-40FB-AB9D-72B4B493A915}
		{32EAE544-7677-4F28-9060-07AF6D73380F} = {4FB695AA-9EF3-42DB-9C87-668F7ACC19CA}
		{662CC478-5802-4B9A-B288-82B38916FB56} = {32EAE544-7677-4F28-9060-07AF6D73380F}
		{04100B97-6FB5-43BE-9C5C-798554D79979} = {32EAE544-7677-4F28-9060-07AF6D73380F}
		{8C5ACD9E-71A7-429F-A51E-F09841D46548} = {12DE116D-AC9F-40FB-AB9D-72B4B493A915}
		{3F0D0254-0281-4FC2-A12B-50340C22150D} = {81DA2AF3-C7FA-48CF-9A99-2AF9D2B7E288}
		{746BD4D5-7F18-49A1-AE5B-B89BC156632A} = {3F0D0254-0281-4FC2-A12B-50340C22150D}
		{BED40454-20E2-4718-B093-89B5197C161A} = {81DA2AF3-C7FA-48CF-9A99-2AF9D2B7E288}
		{EF910C2C-033E-4BB2-B126-6174182D1174} = {81DA2AF3-C7FA-48CF-9A99-2AF9D2B7E288}
		{4FB695AA-9EF3-42DB-9C87-668F7ACC19CA} = {81DA2AF3-C7FA-48CF-9A99-2AF9D2B7E288}
		{AD8FC58E-9319-4056-906F-DB26D36D1DCD} = {12DE116D-AC9F-40FB-AB9D-72B4B493A915}
		{CAA19F05-51B7-4A3E-BEBE-B4D3008CC3FD} = {4FB695AA-9EF3-42DB-9C87-668F7ACC19CA}
		{42B02421-BB9D-492B-A98F-CD2F0A35B5B0} = {CAA19F05-51B7-4A3E-BEBE-B4D3008CC3FD}
		{CBC7D509-DBF6-4D87-9758-B1F4D5015FA6} = {7434E089-9F1E-481B-A753-D9AB25C13786}
		{1CCE2961-FA43-4BAB-A3F5-3C60B3BB272A} = {7434E089-9F1E-481B-A753-D9AB25C13786}
		{1E5AB2D1-3BD6-4B8B-81FD-720256BCE090} = {7434E089-9F1E-481B-A753-D9AB25C13786}
		{0724D952-C46A-4C77-A7A1-7E7CC508E19B} = {7434E089-9F1E-481B-A753-D9AB25C13786}
		{EF4CC59F-4B64-4A11-A5D3-9DFBBE2E4230} = {4FB695AA-9EF3-42DB-9C87-668F7ACC19CA}
		{64243204-8963-4923-A297-C2F50B39CA6C} = {EF4CC59F-4B64-4A11-A5D3-9DFBBE2E4230}
	EndGlobalSection
	GlobalSection(ExtensibilityGlobals) = postSolution
		SolutionGuid = {72659153-F05E-46FA-B0A0-FC23C4FD47C4}
	EndGlobalSection
EndGlobal
